
Microsoft Visual Studio Solution File, Format Version 12.00
# Visual Studio 15
Project("{FAE04EC0-301F-11D3-BF4B-00C04F79EFBC}") = "WebDevOps", "WebDevOps\WebDevOps.csproj", "{F93DF5F2-7666-44DC-9D28-D688121FBC1B}"
EndProject
Global
	GlobalSection(SolutionConfigurationPlatforms) = preSolution
		Debug|Any CPU = Debug|Any CPU
		Release|Any CPU = Release|Any CPU
	EndGlobalSection
	GlobalSection(ProjectConfigurationPlatforms) = postSolution
		{F93DF5F2-7666-44DC-9D28-D688121FBC1B}.Debug|Any CPU.ActiveCfg = Debug|Any CPU
		{F93DF5F2-7666-44DC-9D28-D688121FBC1B}.Debug|Any CPU.Build.0 = Debug|Any CPU
		{F93DF5F2-7666-44DC-9D28-D688121FBC1B}.Release|Any CPU.ActiveCfg = Release|Any CPU
		{F93DF5F2-7666-44DC-9D28-D688121FBC1B}.Release|Any CPU.Build.0 = Release|Any CPU
	EndGlobalSection
EndGlobal
